
Microsoft Visual Studio Solution File, Format Version 12.00
# Visual Studio Version 17
VisualStudioVersion = 17.14.36915.13 d17.14
MinimumVisualStudioVersion = 10.0.40219.1
Project("{FAE04EC0-301F-11D3-BF4B-00C04F79EFBC}") = "ConceitosBasicos", "ConceitosBasicos\ConceitosBasicos.csproj", "{C35355D7-AA5F-4382-A855-EB9632C905DB}"
EndProject
Project("{FAE04EC0-301F-11D3-BF4B-00C04F79EFBC}") = "Revisao", "Revisao\Revisao.csproj", "{2747729F-7BAD-4138-A1D1-5FD4FF54D100}"
EndProject
Project("{FAE04EC0-301F-11D3-BF4B-00C04F79EFBC}") = "RevisaoComSwitch", "RevisaoComSwitch\RevisaoComSwitch.csproj", "{D1E6A287-FD59-4E60-8E1A-28D034910F5F}"
EndProject
Global
	GlobalSection(SolutionConfigurationPlatforms) = preSolution
		Debug|Any CPU = Debug|Any CPU
		Release|Any CPU = Release|Any CPU
	EndGlobalSection
	GlobalSection(ProjectConfigurationPlatforms) = postSolution
		{C35355D7-AA5F-4382-A855-EB9632C905DB}.Debug|Any CPU.ActiveCfg = Debug|Any CPU
		{C35355D7-AA5F-4382-A855-EB9632C905DB}.Debug|Any CPU.Build.0 = Debug|Any CPU
		{C35355D7-AA5F-4382-A855-EB9632C905DB}.Release|Any CPU.ActiveCfg = Release|Any CPU
		{C35355D7-AA5F-4382-A855-EB9632C905DB}.Release|Any CPU.Build.0 = Release|Any CPU
		{2747729F-7BAD-4138-A1D1-5FD4FF54D100}.Debug|Any CPU.ActiveCfg = Debug|Any CPU
		{2747729F-7BAD-4138-A1D1-5FD4FF54D100}.Debug|Any CPU.Build.0 = Debug|Any CPU
		{2747729F-7BAD-4138-A1D1-5FD4FF54D100}.Release|Any CPU.ActiveCfg = Release|Any CPU
		{2747729F-7BAD-4138-A1D1-5FD4FF54D100}.Release|Any CPU.Build.0 = Release|Any CPU
		{D1E6A287-FD59-4E60-8E1A-28D034910F5F}.Debug|Any CPU.ActiveCfg = Debug|Any CPU
		{D1E6A287-FD59-4E60-8E1A-28D034910F5F}.Debug|Any CPU.Build.0 = Debug|Any CPU
		{D1E6A287-FD59-4E60-8E1A-28D034910F5F}.Release|Any CPU.ActiveCfg = Release|Any CPU
		{D1E6A287-FD59-4E60-8E1A-28D034910F5F}.Release|Any CPU.Build.0 = Release|Any CPU
	EndGlobalSection
	GlobalSection(SolutionProperties) = preSolution
		HideSolutionNode = FALSE
	EndGlobalSection
	GlobalSection(ExtensibilityGlobals) = postSolution
		SolutionGuid = {163340FD-08E4-4A5A-B4EC-F49760451C10}
	EndGlobalSection
EndGlobal
